// !$*UTF8*$!
{
	archiveVersion = 1;
	classes = {
	};
	objectVersion = 90;
	objects = {

/* Begin PBXBuildFile section */
		FC0981D52F04DE9B00DD4CA3 /* SFBAudioEngine in Frameworks */ = {isa = PBXBuildFile; productRef = FC0981D42F04DE9B00DD4CA3 /* SFBAudioEngine */; };
		FC0A17402EF262620090B22C /* Album.swift in Sources */ = {isa = PBXBuildFile; fileRef = FC0A173F2EF262600090B22C /* Album.swift */; };
		FC0A17442EF262910090B22C /* CollectionManager.swift in Sources */ = {isa = PBXBuildFile; fileRef = FC0A17432EF2628E0090B22C /* CollectionManager.swift */; };
		FC13779B2EFCF9AD00A9CE99 /* CollectionsGridView.swift in Sources */ = {isa = PBXBuildFile; fileRef = FC13779A2EFCF9AB00A9CE99 /* CollectionsGridView.swift */; };
		FC13779D2EFCF9CC00A9CE99 /* PlaylistTabView.swift in Sources */ = {isa = PBXBuildFile; fileRef = FC13779C2EFCF9CB00A9CE99 /* PlaylistTabView.swift */; };
		FC1377A42EFD0FF700A9CE99 /* ColorExtensions.swift in Sources */ = {isa = PBXBuildFile; fileRef = FC1377A32EFD0FE800A9CE99 /* ColorExtensions.swift */; };
		FC2032F72F08E8F700D17FEE /* Theme.swift in Sources */ = {isa = PBXBuildFile; fileRef = FC2032F62F08E8F500D17FEE /* Theme.swift */; };
		FC2032FB2F08E91400D17FEE /* DarkTheme.swift in Sources */ = {isa = PBXBuildFile; fileRef = FC2032FA2F08E91300D17FEE /* DarkTheme.swift */; };
		FC2032FD2F08E93100D17FEE /* LightTheme.swift in Sources */ = {isa = PBXBuildFile; fileRef = FC2032FC2F08E92F00D17FEE /* LightTheme.swift */; };
		FC2033012F08E96C00D17FEE /* ThemeManager.swift in Sources */ = {isa = PBXBuildFile; fileRef = FC2033002F08E96A00D17FEE /* ThemeManager.swift */; };
		FC31BA492F08323A00786380 /* PlaylistManager.swift in Sources */ = {isa = PBXBuildFile; fileRef = FC31BA482F08323800786380 /* PlaylistManager.swift */; };
		FC32865D2F010F3D000D8F2A /* PlayerViewModel.swift in Sources */ = {isa = PBXBuildFile; fileRef = FC32865C2F010F3B000D8F2A /* PlayerViewModel.swift */; };
		FC32865F2F011243000D8F2A /* AudioPlayerCore.swift in Sources */ = {isa = PBXBuildFile; fileRef = FC32865E2F011242000D8F2A /* AudioPlayerCore.swift */; };
		FC3E2B042F08BF1700F59E4B /* PlaybackStateManager.swift in Sources */ = {isa = PBXBuildFile; fileRef = FC3E2B032F08BF1400F59E4B /* PlaybackStateManager.swift */; };
		FC480EAA2EF107E8000D8393 /* ContentView.swift in Sources */ = {isa = PBXBuildFile; fileRef = FC480EA02EF107E8000D8393 /* ContentView.swift */; };
		FC480EAB2EF107E8000D8393 /* Me2TuneApp.swift in Sources */ = {isa = PBXBuildFile; fileRef = FC480EA22EF107E8000D8393 /* Me2TuneApp.swift */; };
		FC480EAC2EF107E8000D8393 /* PersistenceService.swift in Sources */ = {isa = PBXBuildFile; fileRef = FC480EA32EF107E8000D8393 /* PersistenceService.swift */; };
		FC480EAF2EF107E8000D8393 /* Assets.xcassets in Resources */ = {isa = PBXBuildFile; fileRef = FC480E9E2EF107E8000D8393 /* Assets.xcassets */; };
		FC480EB02EF107E8000D8393 /* info.plist in Resources */ = {isa = PBXBuildFile; fileRef = FC480EA12EF107E8000D8393 /* info.plist */; };
		FC480EB72EF13722000D8393 /* Localizable.strings in Resources */ = {isa = PBXBuildFile; fileRef = FC480EB62EF13722000D8393 /* Localizable.strings */; };
		FC480EBE2EF137BB000D8393 /* Localizable.strings in Resources */ = {isa = PBXBuildFile; fileRef = FC480EBC2EF137AE000D8393 /* Localizable.strings */; };
		FC480EC42EF152BC000D8393 /* AudioTrack.swift in Sources */ = {isa = PBXBuildFile; fileRef = FC480EC32EF152A2000D8393 /* AudioTrack.swift */; };
		FC50C7392F06583100597B19 /* ControlSectionView.swift in Sources */ = {isa = PBXBuildFile; fileRef = FC50C7382F06582F00597B19 /* ControlSectionView.swift */; };
		FC50C73C2F06585700597B19 /* BackgroundLayerView.swift in Sources */ = {isa = PBXBuildFile; fileRef = FC50C73B2F06585400597B19 /* BackgroundLayerView.swift */; };
		FC50C73E2F06587100597B19 /* CollapseButtonView.swift in Sources */ = {isa = PBXBuildFile; fileRef = FC50C73D2F06587000597B19 /* CollapseButtonView.swift */; };
		FC50C7402F06588700597B19 /* ToolbarButtonView.swift in Sources */ = {isa = PBXBuildFile; fileRef = FC50C73F2F06588500597B19 /* ToolbarButtonView.swift */; };
		FC50C7422F06589800597B19 /* SongRowView.swift in Sources */ = {isa = PBXBuildFile; fileRef = FC50C7412F06589700597B19 /* SongRowView.swift */; };
		FC50C7442F0658AE00597B19 /* TopBarSectionView.swift in Sources */ = {isa = PBXBuildFile; fileRef = FC50C7432F0658AC00597B19 /* TopBarSectionView.swift */; };
		FC50C7462F0658E600597B19 /* VinylSectionView.swift in Sources */ = {isa = PBXBuildFile; fileRef = FC50C7452F0658E400597B19 /* VinylSectionView.swift */; };
		FC62DA392F0372C000DD1509 /* ArtworkCacheService.swift in Sources */ = {isa = PBXBuildFile; fileRef = FC62DA382F0372BA00DD1509 /* ArtworkCacheService.swift */; };
		FC62DA3B2F0373C800DD1509 /* Array+Extensions.swift in Sources */ = {isa = PBXBuildFile; fileRef = FC62DA3A2F0373C600DD1509 /* Array+Extensions.swift */; };
		FC8528082F01486100B53540 /* ContentSectionView.swift in Sources */ = {isa = PBXBuildFile; fileRef = FC8528072F01485D00B53540 /* ContentSectionView.swift */; };
		FC8528102F014F7C00B53540 /* AppError.swift in Sources */ = {isa = PBXBuildFile; fileRef = FC85280F2F014F7A00B53540 /* AppError.swift */; };
		FC8528122F014FAA00B53540 /* Logger+Extensions.swift in Sources */ = {isa = PBXBuildFile; fileRef = FC8528112F014FA900B53540 /* Logger+Extensions.swift */; };
		FC8C88722F06263500ABC82E /* WindowStateMonitor.swift in Sources */ = {isa = PBXBuildFile; fileRef = FC8C88712F06263100ABC82E /* WindowStateMonitor.swift */; };
		FCE6E86F2F053E7C004D5E21 /* NowPlayingService.swift in Sources */ = {isa = PBXBuildFile; fileRef = FCE6E86E2F053E6F004D5E21 /* NowPlayingService.swift */; };
		FCE6E8712F053E8E004D5E21 /* RemoteCommandController.swift in Sources */ = {isa = PBXBuildFile; fileRef = FCE6E8702F053E8D004D5E21 /* RemoteCommandController.swift */; };
/* End PBXBuildFile section */

/* Begin PBXFileReference section */
		FC0A173F2EF262600090B22C /* Album.swift */ = {isa = PBXFileReference; lastKnownFileType = sourcecode.swift; path = Album.swift; sourceTree = "<group>"; };
		FC0A17432EF2628E0090B22C /* CollectionManager.swift */ = {isa = PBXFileReference; lastKnownFileType = sourcecode.swift; path = CollectionManager.swift; sourceTree = "<group>"; };
		FC13779A2EFCF9AB00A9CE99 /* CollectionsGridView.swift */ = {isa = PBXFileReference; lastKnownFileType = sourcecode.swift; path = CollectionsGridView.swift; sourceTree = "<group>"; };
		FC13779C2EFCF9CB00A9CE99 /* PlaylistTabView.swift */ = {isa = PBXFileReference; lastKnownFileType = sourcecode.swift; path = PlaylistTabView.swift; sourceTree = "<group>"; };
		FC1377A32EFD0FE800A9CE99 /* ColorExtensions.swift */ = {isa = PBXFileReference; lastKnownFileType = sourcecode.swift; path = ColorExtensions.swift; sourceTree = "<group>"; };
		FC16622A2EEFAE2C00F01BCE /* Me2Tune.app */ = {isa = PBXFileReference; explicitFileType = wrapper.application; includeInIndex = 0; path = Me2Tune.app; sourceTree = BUILT_PRODUCTS_DIR; };
		FC2032F62F08E8F500D17FEE /* Theme.swift */ = {isa = PBXFileReference; lastKnownFileType = sourcecode.swift; path = Theme.swift; sourceTree = "<group>"; };
		FC2032FA2F08E91300D17FEE /* DarkTheme.swift */ = {isa = PBXFileReference; lastKnownFileType = sourcecode.swift; path = DarkTheme.swift; sourceTree = "<group>"; };
		FC2032FC2F08E92F00D17FEE /* LightTheme.swift */ = {isa = PBXFileReference; lastKnownFileType = sourcecode.swift; path = LightTheme.swift; sourceTree = "<group>"; };
		FC2033002F08E96A00D17FEE /* ThemeManager.swift */ = {isa = PBXFileReference; lastKnownFileType = sourcecode.swift; path = ThemeManager.swift; sourceTree = "<group>"; };
		FC31BA482F08323800786380 /* PlaylistManager.swift */ = {isa = PBXFileReference; lastKnownFileType = sourcecode.swift; path = PlaylistManager.swift; sourceTree = "<group>"; };
		FC32865C2F010F3B000D8F2A /* PlayerViewModel.swift */ = {isa = PBXFileReference; lastKnownFileType = sourcecode.swift; path = PlayerViewModel.swift; sourceTree = "<group>"; };
		FC32865E2F011242000D8F2A /* AudioPlayerCore.swift */ = {isa = PBXFileReference; lastKnownFileType = sourcecode.swift; path = AudioPlayerCore.swift; sourceTree = "<group>"; };
		FC3E2B032F08BF1400F59E4B /* PlaybackStateManager.swift */ = {isa = PBXFileReference; lastKnownFileType = sourcecode.swift; path = PlaybackStateManager.swift; sourceTree = "<group>"; };
		FC480E9E2EF107E8000D8393 /* Assets.xcassets */ = {isa = PBXFileReference; lastKnownFileType = folder.assetcatalog; path = Assets.xcassets; sourceTree = "<group>"; };
		FC480EA02EF107E8000D8393 /* ContentView.swift */ = {isa = PBXFileReference; lastKnownFileType = sourcecode.swift; path = ContentView.swift; sourceTree = "<group>"; };
		FC480EA12EF107E8000D8393 /* info.plist */ = {isa = PBXFileReference; lastKnownFileType = text.plist.xml; path = info.plist; sourceTree = "<group>"; };
		FC480EA22EF107E8000D8393 /* Me2TuneApp.swift */ = {isa = PBXFileReference; lastKnownFileType = sourcecode.swift; path = Me2TuneApp.swift; sourceTree = "<group>"; };
		FC480EA32EF107E8000D8393 /* PersistenceService.swift */ = {isa = PBXFileReference; lastKnownFileType = sourcecode.swift; path = PersistenceService.swift; sourceTree = "<group>"; };
		FC480EB52EF13722000D8393 /* en */ = {isa = PBXFileReference; lastKnownFileType = text.plist.strings; name = en; path = Localizable.strings; sourceTree = "<group>"; };
		FC480EBD2EF137AE000D8393 /* zh-Hans */ = {isa = PBXFileReference; lastKnownFileType = text.plist.strings; name = "zh-Hans"; path = Localizable.strings; sourceTree = "<group>"; };
		FC480EC32EF152A2000D8393 /* AudioTrack.swift */ = {isa = PBXFileReference; lastKnownFileType = sourcecode.swift; path = AudioTrack.swift; sourceTree = "<group>"; };
		FC50C7382F06582F00597B19 /* ControlSectionView.swift */ = {isa = PBXFileReference; lastKnownFileType = sourcecode.swift; path = ControlSectionView.swift; sourceTree = "<group>"; };
		FC50C73B2F06585400597B19 /* BackgroundLayerView.swift */ = {isa = PBXFileReference; lastKnownFileType = sourcecode.swift; path = BackgroundLayerView.swift; sourceTree = "<group>"; };
		FC50C73D2F06587000597B19 /* CollapseButtonView.swift */ = {isa = PBXFileReference; lastKnownFileType = sourcecode.swift; path = CollapseButtonView.swift; sourceTree = "<group>"; };
		FC50C73F2F06588500597B19 /* ToolbarButtonView.swift */ = {isa = PBXFileReference; lastKnownFileType = sourcecode.swift; path = ToolbarButtonView.swift; sourceTree = "<group>"; };
		FC50C7412F06589700597B19 /* SongRowView.swift */ = {isa = PBXFileReference; lastKnownFileType = sourcecode.swift; path = SongRowView.swift; sourceTree = "<group>"; };
		FC50C7432F0658AC00597B19 /* TopBarSectionView.swift */ = {isa = PBXFileReference; lastKnownFileType = sourcecode.swift; path = TopBarSectionView.swift; sourceTree = "<group>"; };
		FC50C7452F0658E400597B19 /* VinylSectionView.swift */ = {isa = PBXFileReference; lastKnownFileType = sourcecode.swift; path = VinylSectionView.swift; sourceTree = "<group>"; };
		FC62DA382F0372BA00DD1509 /* ArtworkCacheService.swift */ = {isa = PBXFileReference; lastKnownFileType = sourcecode.swift; path = ArtworkCacheService.swift; sourceTree = "<group>"; };
		FC62DA3A2F0373C600DD1509 /* Array+Extensions.swift */ = {isa = PBXFileReference; lastKnownFileType = sourcecode.swift; path = "Array+Extensions.swift"; sourceTree = "<group>"; };
		FC8528072F01485D00B53540 /* ContentSectionView.swift */ = {isa = PBXFileReference; lastKnownFileType = sourcecode.swift; path = ContentSectionView.swift; sourceTree = "<group>"; };
		FC85280F2F014F7A00B53540 /* AppError.swift */ = {isa = PBXFileReference; lastKnownFileType = sourcecode.swift; path = AppError.swift; sourceTree = "<group>"; };
		FC8528112F014FA900B53540 /* Logger+Extensions.swift */ = {isa = PBXFileReference; lastKnownFileType = sourcecode.swift; path = "Logger+Extensions.swift"; sourceTree = "<group>"; };
		FC8C88712F06263100ABC82E /* WindowStateMonitor.swift */ = {isa = PBXFileReference; lastKnownFileType = sourcecode.swift; path = WindowStateMonitor.swift; sourceTree = "<group>"; };
		FCE6E86E2F053E6F004D5E21 /* NowPlayingService.swift */ = {isa = PBXFileReference; lastKnownFileType = sourcecode.swift; path = NowPlayingService.swift; sourceTree = "<group>"; };
		FCE6E8702F053E8D004D5E21 /* RemoteCommandController.swift */ = {isa = PBXFileReference; lastKnownFileType = sourcecode.swift; path = RemoteCommandController.swift; sourceTree = "<group>"; };
/* End PBXFileReference section */

/* Begin PBXFrameworksBuildPhase section */
		FC1662272EEFAE2C00F01BCE /* Frameworks */ = {
			isa = PBXFrameworksBuildPhase;
			files = (
				FC0981D52F04DE9B00DD4CA3 /* SFBAudioEngine in Frameworks */,
			);
		};
/* End PBXFrameworksBuildPhase section */

/* Begin PBXGroup section */
		FC1377A22EFD0FE300A9CE99 /* Extensions */ = {
			isa = PBXGroup;
			children = (
				FC62DA3A2F0373C600DD1509 /* Array+Extensions.swift */,
				FC1377A32EFD0FE800A9CE99 /* ColorExtensions.swift */,
			);
			path = Extensions;
			sourceTree = "<group>";
		};
		FC1662212EEFAE2C00F01BCE = {
			isa = PBXGroup;
			children = (
				FC480EA62EF107E8000D8393 /* Me2Tune */,
				FC16622B2EEFAE2C00F01BCE /* Products */,
			);
			sourceTree = "<group>";
		};
		FC16622B2EEFAE2C00F01BCE /* Products */ = {
			isa = PBXGroup;
			children = (
				FC16622A2EEFAE2C00F01BCE /* Me2Tune.app */,
			);
			name = Products;
			sourceTree = "<group>";
		};
		FC2032F42F08E8D900D17FEE /* Theme */ = {
			isa = PBXGroup;
			children = (
				FC2032F62F08E8F500D17FEE /* Theme.swift */,
				FC2033002F08E96A00D17FEE /* ThemeManager.swift */,
				FC2032F52F08E8E700D17FEE /* Themes */,
			);
			path = Theme;
			sourceTree = "<group>";
		};
		FC2032F52F08E8E700D17FEE /* Themes */ = {
			isa = PBXGroup;
			children = (
				FC2032FA2F08E91300D17FEE /* DarkTheme.swift */,
				FC2032FC2F08E92F00D17FEE /* LightTheme.swift */,
			);
			path = Themes;
			sourceTree = "<group>";
		};
		FC32865B2F010F0F000D8F2A /* ViewModels */ = {
			isa = PBXGroup;
			children = (
				FC32865C2F010F3B000D8F2A /* PlayerViewModel.swift */,
			);
			path = ViewModels;
			sourceTree = "<group>";
		};
		FC480EA62EF107E8000D8393 /* Me2Tune */ = {
			isa = PBXGroup;
			children = (
				FC480EB22EF136E7000D8393 /* Resources */,
				FC480EA12EF107E8000D8393 /* info.plist */,
				FC1377A22EFD0FE300A9CE99 /* Extensions */,
				FC480EC02EF13937000D8393 /* Managers */,
				FC480EC22EF15296000D8393 /* Models */,
				FC480EC12EF13946000D8393 /* Services */,
				FC85280E2F014F6900B53540 /* Utilities */,
				FC32865B2F010F0F000D8F2A /* ViewModels */,
				FC480EBF2EF13912000D8393 /* Views */,
				FC2032F42F08E8D900D17FEE /* Theme */,
				FC480EA22EF107E8000D8393 /* Me2TuneApp.swift */,
			);
			path = Me2Tune;
			sourceTree = "<group>";
		};
		FC480EB22EF136E7000D8393 /* Resources */ = {
			isa = PBXGroup;
			children = (
				FC480EB82EF13776000D8393 /* Localizations */,
				FC480E9E2EF107E8000D8393 /* Assets.xcassets */,
			);
			path = Resources;
			sourceTree = "<group>";
		};
		FC480EB82EF13776000D8393 /* Localizations */ = {
			isa = PBXGroup;
			children = (
				FC480EBA2EF13795000D8393 /* zh-Hans.lproj */,
				FC480EB92EF13783000D8393 /* en.lproj */,
			);
			path = Localizations;
			sourceTree = "<group>";
		};
		FC480EB92EF13783000D8393 /* en.lproj */ = {
			isa = PBXGroup;
			children = (
				FC480EB62EF13722000D8393 /* Localizable.strings */,
			);
			path = en.lproj;
			sourceTree = "<group>";
		};
		FC480EBA2EF13795000D8393 /* zh-Hans.lproj */ = {
			isa = PBXGroup;
			children = (
				FC480EBC2EF137AE000D8393 /* Localizable.strings */,
			);
			path = "zh-Hans.lproj";
			sourceTree = "<group>";
		};
		FC480EBF2EF13912000D8393 /* Views */ = {
			isa = PBXGroup;
			children = (
				FC8194EF2EF4EF2000401C4F /* Components */,
				FC50C73A2F06584B00597B19 /* Layers */,
				FC50C7472F065B7D00597B19 /* Playlist */,
				FC50C7372F06582700597B19 /* Sections */,
				FC480EA02EF107E8000D8393 /* ContentView.swift */,
			);
			path = Views;
			sourceTree = "<group>";
		};
		FC480EC02EF13937000D8393 /* Managers */ = {
			isa = PBXGroup;
			children = (
				FC32865E2F011242000D8F2A /* AudioPlayerCore.swift */,
				FC0A17432EF2628E0090B22C /* CollectionManager.swift */,
				FC3E2B032F08BF1400F59E4B /* PlaybackStateManager.swift */,
				FC31BA482F08323800786380 /* PlaylistManager.swift */,
			);
			path = Managers;
			sourceTree = "<group>";
		};
		FC480EC12EF13946000D8393 /* Services */ = {
			isa = PBXGroup;
			children = (
				FC62DA382F0372BA00DD1509 /* ArtworkCacheService.swift */,
				FCE6E86E2F053E6F004D5E21 /* NowPlayingService.swift */,
				FC480EA32EF107E8000D8393 /* PersistenceService.swift */,
				FCE6E8702F053E8D004D5E21 /* RemoteCommandController.swift */,
			);
			path = Services;
			sourceTree = "<group>";
		};
		FC480EC22EF15296000D8393 /* Models */ = {
			isa = PBXGroup;
			children = (
				FC0A173F2EF262600090B22C /* Album.swift */,
				FC480EC32EF152A2000D8393 /* AudioTrack.swift */,
			);
			path = Models;
			sourceTree = "<group>";
		};
		FC50C7372F06582700597B19 /* Sections */ = {
			isa = PBXGroup;
			children = (
				FC50C7382F06582F00597B19 /* ControlSectionView.swift */,
				FC50C7432F0658AC00597B19 /* TopBarSectionView.swift */,
				FC50C7452F0658E400597B19 /* VinylSectionView.swift */,
			);
			path = Sections;
			sourceTree = "<group>";
		};
		FC50C73A2F06584B00597B19 /* Layers */ = {
			isa = PBXGroup;
			children = (
				FC50C73B2F06585400597B19 /* BackgroundLayerView.swift */,
			);
			path = Layers;
			sourceTree = "<group>";
		};
		FC50C7472F065B7D00597B19 /* Playlist */ = {
			isa = PBXGroup;
			children = (
				FC50C7482F065B9100597B19 /* Components */,
				FC13779C2EFCF9CB00A9CE99 /* PlaylistTabView.swift */,
			);
			path = Playlist;
			sourceTree = "<group>";
		};
		FC50C7482F065B9100597B19 /* Components */ = {
			isa = PBXGroup;
			children = (
				FC50C73D2F06587000597B19 /* CollapseButtonView.swift */,
				FC50C7412F06589700597B19 /* SongRowView.swift */,
				FC50C73F2F06588500597B19 /* ToolbarButtonView.swift */,
			);
			path = Components;
			sourceTree = "<group>";
		};
		FC8194EF2EF4EF2000401C4F /* Components */ = {
			isa = PBXGroup;
			children = (
				FC13779A2EFCF9AB00A9CE99 /* CollectionsGridView.swift */,
				FC8528072F01485D00B53540 /* ContentSectionView.swift */,
			);
			path = Components;
			sourceTree = "<group>";
		};
		FC85280E2F014F6900B53540 /* Utilities */ = {
			isa = PBXGroup;
			children = (
				FC85280F2F014F7A00B53540 /* AppError.swift */,
				FC8528112F014FA900B53540 /* Logger+Extensions.swift */,
				FC8C88712F06263100ABC82E /* WindowStateMonitor.swift */,
			);
			path = Utilities;
			sourceTree = "<group>";
		};
/* End PBXGroup section */

/* Begin PBXNativeTarget section */
		FC1662292EEFAE2C00F01BCE /* Me2Tune */ = {
			isa = PBXNativeTarget;
			buildConfigurationList = FC1662352EEFAE2E00F01BCE /* Build configuration list for PBXNativeTarget "Me2Tune" */;
			buildPhases = (
				FC1662262EEFAE2C00F01BCE /* Sources */,
				FC1662272EEFAE2C00F01BCE /* Frameworks */,
				FC1662282EEFAE2C00F01BCE /* Resources */,
			);
			buildRules = (
			);
			name = Me2Tune;
			packageProductDependencies = (
				FC0981D42F04DE9B00DD4CA3 /* SFBAudioEngine */,
			);
			productName = Me2Tune;
			productReference = FC16622A2EEFAE2C00F01BCE /* Me2Tune.app */;
			productType = "com.apple.product-type.application";
		};
/* End PBXNativeTarget section */

/* Begin PBXProject section */
		FC1662222EEFAE2C00F01BCE /* Project object */ = {
			isa = PBXProject;
			attributes = {
				BuildIndependentTargetsInParallel = 1;
				LastSwiftUpdateCheck = 2620;
				LastUpgradeCheck = 2620;
				TargetAttributes = {
					FC1662292EEFAE2C00F01BCE = {
						CreatedOnToolsVersion = 26.2;
					};
				};
			};
			buildConfigurationList = FC1662252EEFAE2C00F01BCE /* Build configuration list for PBXProject "Me2Tune" */;
			developmentRegion = en;
			hasScannedForEncodings = 0;
			knownRegions = (
				en,
				Base,
				"zh-Hans",
			);
			mainGroup = FC1662212EEFAE2C00F01BCE;
			minimizedProjectReferenceProxies = 1;
			packageReferences = (
				FC0981D32F04DE9B00DD4CA3 /* XCRemoteSwiftPackageReference "SFBAudioEngine" */,
			);
			preferredProjectObjectVersion = 90;
			productRefGroup = FC16622B2EEFAE2C00F01BCE /* Products */;
			projectDirPath = "";
			projectRoot = "";
			targets = (
				FC1662292EEFAE2C00F01BCE /* Me2Tune */,
			);
		};
/* End PBXProject section */

/* Begin PBXResourcesBuildPhase section */
		FC1662282EEFAE2C00F01BCE /* Resources */ = {
			isa = PBXResourcesBuildPhase;
			files = (
				FC480EAF2EF107E8000D8393 /* Assets.xcassets in Resources */,
				FC480EBE2EF137BB000D8393 /* Localizable.strings in Resources */,
				FC480EB72EF13722000D8393 /* Localizable.strings in Resources */,
				FC480EB02EF107E8000D8393 /* info.plist in Resources */,
			);
		};
/* End PBXResourcesBuildPhase section */

/* Begin PBXSourcesBuildPhase section */
		FC1662262EEFAE2C00F01BCE /* Sources */ = {
			isa = PBXSourcesBuildPhase;
			files = (
				FCE6E86F2F053E7C004D5E21 /* NowPlayingService.swift in Sources */,
				FC1377A42EFD0FF700A9CE99 /* ColorExtensions.swift in Sources */,
				FC2032FD2F08E93100D17FEE /* LightTheme.swift in Sources */,
				FC8528102F014F7C00B53540 /* AppError.swift in Sources */,
				FC8528122F014FAA00B53540 /* Logger+Extensions.swift in Sources */,
				FCE6E8712F053E8E004D5E21 /* RemoteCommandController.swift in Sources */,
				FC32865F2F011243000D8F2A /* AudioPlayerCore.swift in Sources */,
				FC50C73E2F06587100597B19 /* CollapseButtonView.swift in Sources */,
				FC50C7442F0658AE00597B19 /* TopBarSectionView.swift in Sources */,
				FC3E2B042F08BF1700F59E4B /* PlaybackStateManager.swift in Sources */,
				FC480EC42EF152BC000D8393 /* AudioTrack.swift in Sources */,
				FC32865D2F010F3D000D8F2A /* PlayerViewModel.swift in Sources */,
				FC0A17442EF262910090B22C /* CollectionManager.swift in Sources */,
				FC50C7402F06588700597B19 /* ToolbarButtonView.swift in Sources */,
				FC62DA3B2F0373C800DD1509 /* Array+Extensions.swift in Sources */,
				FC13779D2EFCF9CC00A9CE99 /* PlaylistTabView.swift in Sources */,
				FC480EAA2EF107E8000D8393 /* ContentView.swift in Sources */,
				FC480EAB2EF107E8000D8393 /* Me2TuneApp.swift in Sources */,
				FC50C73C2F06585700597B19 /* BackgroundLayerView.swift in Sources */,
				FC8C88722F06263500ABC82E /* WindowStateMonitor.swift in Sources */,
				FC13779B2EFCF9AD00A9CE99 /* CollectionsGridView.swift in Sources */,
				FC62DA392F0372C000DD1509 /* ArtworkCacheService.swift in Sources */,
				FC8528082F01486100B53540 /* ContentSectionView.swift in Sources */,
				FC2032F72F08E8F700D17FEE /* Theme.swift in Sources */,
				FC31BA492F08323A00786380 /* PlaylistManager.swift in Sources */,
				FC50C7392F06583100597B19 /* ControlSectionView.swift in Sources */,
				FC2032FB2F08E91400D17FEE /* DarkTheme.swift in Sources */,
				FC2033012F08E96C00D17FEE /* ThemeManager.swift in Sources */,
				FC480EAC2EF107E8000D8393 /* PersistenceService.swift in Sources */,
				FC50C7462F0658E600597B19 /* VinylSectionView.swift in Sources */,
				FC50C7422F06589800597B19 /* SongRowView.swift in Sources */,
				FC0A17402EF262620090B22C /* Album.swift in Sources */,
			);
		};
/* End PBXSourcesBuildPhase section */

/* Begin PBXVariantGroup section */
		FC480EB62EF13722000D8393 /* Localizable.strings */ = {
			isa = PBXVariantGroup;
			children = (
				FC480EB52EF13722000D8393 /* en */,
			);
			name = Localizable.strings;
			sourceTree = "<group>";
		};
		FC480EBC2EF137AE000D8393 /* Localizable.strings */ = {
			isa = PBXVariantGroup;
			children = (
				FC480EBD2EF137AE000D8393 /* zh-Hans */,
			);
			name = Localizable.strings;
			sourceTree = "<group>";
		};
/* End PBXVariantGroup section */

/* Begin XCBuildConfiguration section */
		FC1662332EEFAE2E00F01BCE /* Debug configuration for PBXProject "Me2Tune" */ = {
			isa = XCBuildConfiguration;
			buildSettings = {
				ALWAYS_SEARCH_USER_PATHS = NO;
				ASSETCATALOG_COMPILER_GENERATE_SWIFT_ASSET_SYMBOL_EXTENSIONS = YES;
				CLANG_ANALYZER_NONNULL = YES;
				CLANG_ANALYZER_NUMBER_OBJECT_CONVERSION = YES_AGGRESSIVE;
				CLANG_CXX_LANGUAGE_STANDARD = "gnu++20";
				CLANG_ENABLE_MODULES = YES;
				CLANG_ENABLE_OBJC_ARC = YES;
				CLANG_ENABLE_OBJC_WEAK = YES;
				CLANG_WARN_BLOCK_CAPTURE_AUTORELEASING = YES;
				CLANG_WARN_BOOL_CONVERSION = YES;
				CLANG_WARN_COMMA = YES;
				CLANG_WARN_CONSTANT_CONVERSION = YES;
				CLANG_WARN_DEPRECATED_OBJC_IMPLEMENTATIONS = YES;
				CLANG_WARN_DIRECT_OBJC_ISA_USAGE = YES_ERROR;
				CLANG_WARN_DOCUMENTATION_COMMENTS = YES;
				CLANG_WARN_EMPTY_BODY = YES;
				CLANG_WARN_ENUM_CONVERSION = YES;
				CLANG_WARN_INFINITE_RECURSION = YES;
				CLANG_WARN_INT_CONVERSION = YES;
				CLANG_WARN_NON_LITERAL_NULL_CONVERSION = YES;
				CLANG_WARN_OBJC_IMPLICIT_RETAIN_SELF = YES;
				CLANG_WARN_OBJC_LITERAL_CONVERSION = YES;
				CLANG_WARN_OBJC_ROOT_CLASS = YES_ERROR;
				CLANG_WARN_QUOTED_INCLUDE_IN_FRAMEWORK_HEADER = YES;
				CLANG_WARN_RANGE_LOOP_ANALYSIS = YES;
				CLANG_WARN_STRICT_PROTOTYPES = YES;
				CLANG_WARN_SUSPICIOUS_MOVE = YES;
				CLANG_WARN_UNGUARDED_AVAILABILITY = YES_AGGRESSIVE;
				CLANG_WARN_UNREACHABLE_CODE = YES;
				CLANG_WARN__DUPLICATE_METHOD_MATCH = YES;
				COPY_PHASE_STRIP = NO;
				DEBUG_INFORMATION_FORMAT = dwarf;
				DEVELOPMENT_TEAM = 2XCFSMR77F;
				ENABLE_STRICT_OBJC_MSGSEND = YES;
				ENABLE_TESTABILITY = YES;
				ENABLE_USER_SCRIPT_SANDBOXING = YES;
				GCC_C_LANGUAGE_STANDARD = gnu17;
				GCC_DYNAMIC_NO_PIC = NO;
				GCC_NO_COMMON_BLOCKS = YES;
				GCC_OPTIMIZATION_LEVEL = 0;
				GCC_PREPROCESSOR_DEFINITIONS = (
					"DEBUG=1",
					"$(inherited)",
				);
				GCC_WARN_64_TO_32_BIT_CONVERSION = YES;
				GCC_WARN_ABOUT_RETURN_TYPE = YES_ERROR;
				GCC_WARN_UNDECLARED_SELECTOR = YES;
				GCC_WARN_UNINITIALIZED_AUTOS = YES_AGGRESSIVE;
				GCC_WARN_UNUSED_FUNCTION = YES;
				GCC_WARN_UNUSED_VARIABLE = YES;
				LOCALIZATION_PREFERS_STRING_CATALOGS = YES;
				MACOSX_DEPLOYMENT_TARGET = 15.7;
				MTL_ENABLE_DEBUG_INFO = INCLUDE_SOURCE;
				MTL_FAST_MATH = YES;
				ONLY_ACTIVE_ARCH = YES;
				SDKROOT = macosx;
				SWIFT_ACTIVE_COMPILATION_CONDITIONS = "DEBUG $(inherited)";
				SWIFT_OPTIMIZATION_LEVEL = "-Onone";
			};
			name = Debug;
		};
		FC1662342EEFAE2E00F01BCE /* Release configuration for PBXProject "Me2Tune" */ = {
			isa = XCBuildConfiguration;
			buildSettings = {
				ALWAYS_SEARCH_USER_PATHS = NO;
				ASSETCATALOG_COMPILER_GENERATE_SWIFT_ASSET_SYMBOL_EXTENSIONS = YES;
				CLANG_ANALYZER_NONNULL = YES;
				CLANG_ANALYZER_NUMBER_OBJECT_CONVERSION = YES_AGGRESSIVE;
				CLANG_CXX_LANGUAGE_STANDARD = "gnu++20";
				CLANG_ENABLE_MODULES = YES;
				CLANG_ENABLE_OBJC_ARC = YES;
				CLANG_ENABLE_OBJC_WEAK = YES;
				CLANG_WARN_BLOCK_CAPTURE_AUTORELEASING = YES;
				CLANG_WARN_BOOL_CONVERSION = YES;
				CLANG_WARN_COMMA = YES;
				CLANG_WARN_CONSTANT_CONVERSION = YES;
				CLANG_WARN_DEPRECATED_OBJC_IMPLEMENTATIONS = YES;
				CLANG_WARN_DIRECT_OBJC_ISA_USAGE = YES_ERROR;
				CLANG_WARN_DOCUMENTATION_COMMENTS = YES;
				CLANG_WARN_EMPTY_BODY = YES;
				CLANG_WARN_ENUM_CONVERSION = YES;
				CLANG_WARN_INFINITE_RECURSION = YES;
				CLANG_WARN_INT_CONVERSION = YES;
				CLANG_WARN_NON_LITERAL_NULL_CONVERSION = YES;
				CLANG_WARN_OBJC_IMPLICIT_RETAIN_SELF = YES;
				CLANG_WARN_OBJC_LITERAL_CONVERSION = YES;
				CLANG_WARN_OBJC_ROOT_CLASS = YES_ERROR;
				CLANG_WARN_QUOTED_INCLUDE_IN_FRAMEWORK_HEADER = YES;
				CLANG_WARN_RANGE_LOOP_ANALYSIS = YES;
				CLANG_WARN_STRICT_PROTOTYPES = YES;
				CLANG_WARN_SUSPICIOUS_MOVE = YES;
				CLANG_WARN_UNGUARDED_AVAILABILITY = YES_AGGRESSIVE;
				CLANG_WARN_UNREACHABLE_CODE = YES;
				CLANG_WARN__DUPLICATE_METHOD_MATCH = YES;
				COPY_PHASE_STRIP = NO;
				DEBUG_INFORMATION_FORMAT = "dwarf-with-dsym";
				DEVELOPMENT_TEAM = 2XCFSMR77F;
				ENABLE_NS_ASSERTIONS = NO;
				ENABLE_STRICT_OBJC_MSGSEND = YES;
				ENABLE_USER_SCRIPT_SANDBOXING = YES;
				GCC_C_LANGUAGE_STANDARD = gnu17;
				GCC_NO_COMMON_BLOCKS = YES;
				GCC_WARN_64_TO_32_BIT_CONVERSION = YES;
				GCC_WARN_ABOUT_RETURN_TYPE = YES_ERROR;
				GCC_WARN_UNDECLARED_SELECTOR = YES;
				GCC_WARN_UNINITIALIZED_AUTOS = YES_AGGRESSIVE;
				GCC_WARN_UNUSED_FUNCTION = YES;
				GCC_WARN_UNUSED_VARIABLE = YES;
				LOCALIZATION_PREFERS_STRING_CATALOGS = YES;
				MACOSX_DEPLOYMENT_TARGET = 15.7;
				MTL_ENABLE_DEBUG_INFO = NO;
				MTL_FAST_MATH = YES;
				SDKROOT = macosx;
				SWIFT_COMPILATION_MODE = wholemodule;
			};
			name = Release;
		};
		FC1662362EEFAE2E00F01BCE /* Debug configuration for PBXNativeTarget "Me2Tune" */ = {
			isa = XCBuildConfiguration;
			buildSettings = {
				ARCHS = x86_64;
				ASSETCATALOG_COMPILER_APPICON_NAME = AppIcon;
				ASSETCATALOG_COMPILER_GLOBAL_ACCENT_COLOR_NAME = AccentColor;
				"CODE_SIGN_IDENTITY[sdk=macosx*]" = "-";
				CODE_SIGN_STYLE = Automatic;
				COMBINE_HIDPI_IMAGES = YES;
				CURRENT_PROJECT_VERSION = 20260102;
				DEAD_CODE_STRIPPING = YES;
				DEVELOPMENT_TEAM = 2XCFSMR77F;
				ENABLE_APP_SANDBOX = NO;
				ENABLE_HARDENED_RUNTIME = YES;
				ENABLE_PREVIEWS = YES;
				GCC_GENERATE_DEBUGGING_SYMBOLS = NO;
				GENERATE_INFOPLIST_FILE = YES;
				INFOPLIST_KEY_CFBundleDisplayName = Me2Tune;
				INFOPLIST_KEY_LSApplicationCategoryType = "public.app-category.music";
				INFOPLIST_KEY_NSAppDataUsageDescription = "本应用仅用于播放用户选择的本地音频文件，不会收集、存储或上传任何用户数据。";
				INFOPLIST_KEY_NSHumanReadableCopyright = "";
				LD_RUNPATH_SEARCH_PATHS = (
					"$(inherited)",
					"@executable_path/../Frameworks",
				);
				LLVM_LTO = YES;
				MACOSX_DEPLOYMENT_TARGET = 15.0;
				MARKETING_VERSION = 0.3.0;
				PRODUCT_BUNDLE_IDENTIFIER = me2.Me2Tune;
				PRODUCT_NAME = "$(TARGET_NAME)";
				REGISTER_APP_GROUPS = YES;
				SDKROOT = macosx26.2;
				STRING_CATALOG_GENERATE_SYMBOLS = YES;
				SWIFT_APPROACHABLE_CONCURRENCY = YES;
				SWIFT_DEFAULT_ACTOR_ISOLATION = MainActor;
				SWIFT_EMIT_LOC_STRINGS = YES;
				SWIFT_UPCOMING_FEATURE_MEMBER_IMPORT_VISIBILITY = YES;
				SWIFT_VERSION = 6.0;
			};
			name = Debug;
		};
		FC1662372EEFAE2E00F01BCE /* Release configuration for PBXNativeTarget "Me2Tune" */ = {
			isa = XCBuildConfiguration;
			buildSettings = {
				ARCHS = x86_64;
				ASSETCATALOG_COMPILER_APPICON_NAME = AppIcon;
				ASSETCATALOG_COMPILER_GLOBAL_ACCENT_COLOR_NAME = AccentColor;
				"CODE_SIGN_IDENTITY[sdk=macosx*]" = "-";
				CODE_SIGN_STYLE = Automatic;
				COMBINE_HIDPI_IMAGES = YES;
				CURRENT_PROJECT_VERSION = 20260102;
				DEAD_CODE_STRIPPING = YES;
				DEVELOPMENT_TEAM = 2XCFSMR77F;
				ENABLE_APP_SANDBOX = NO;
				ENABLE_HARDENED_RUNTIME = YES;
				ENABLE_PREVIEWS = YES;
				GCC_GENERATE_DEBUGGING_SYMBOLS = NO;
				GCC_OPTIMIZATION_LEVEL = 3;
				GENERATE_INFOPLIST_FILE = YES;
				INFOPLIST_KEY_CFBundleDisplayName = Me2Tune;
				INFOPLIST_KEY_LSApplicationCategoryType = "public.app-category.music";
				INFOPLIST_KEY_NSAppDataUsageDescription = "本应用仅用于播放用户选择的本地音频文件，不会收集、存储或上传任何用户数据。";
				INFOPLIST_KEY_NSHumanReadableCopyright = "";
				LD_RUNPATH_SEARCH_PATHS = (
					"$(inherited)",
					"@executable_path/../Frameworks",
				);
				LLVM_LTO = YES;
				MACOSX_DEPLOYMENT_TARGET = 15.0;
				MARKETING_VERSION = 0.3.0;
				ONLY_ACTIVE_ARCH = YES;
				PRODUCT_BUNDLE_IDENTIFIER = me2.Me2Tune;
				PRODUCT_NAME = "$(TARGET_NAME)";
				REGISTER_APP_GROUPS = YES;
				SDKROOT = macosx26.2;
				STRING_CATALOG_GENERATE_SYMBOLS = YES;
				SWIFT_APPROACHABLE_CONCURRENCY = YES;
				SWIFT_DEFAULT_ACTOR_ISOLATION = MainActor;
				SWIFT_EMIT_LOC_STRINGS = YES;
				SWIFT_UPCOMING_FEATURE_MEMBER_IMPORT_VISIBILITY = YES;
				SWIFT_VERSION = 6.0;
			};
			name = Release;
		};
/* End XCBuildConfiguration section */

/* Begin XCConfigurationList section */
		FC1662252EEFAE2C00F01BCE /* Build configuration list for PBXProject "Me2Tune" */ = {
			isa = XCConfigurationList;
			buildConfigurations = (
				FC1662332EEFAE2E00F01BCE /* Debug configuration for PBXProject "Me2Tune" */,
				FC1662342EEFAE2E00F01BCE /* Release configuration for PBXProject "Me2Tune" */,
			);
			defaultConfigurationName = Release;
		};
		FC1662352EEFAE2E00F01BCE /* Build configuration list for PBXNativeTarget "Me2Tune" */ = {
			isa = XCConfigurationList;
			buildConfigurations = (
				FC1662362EEFAE2E00F01BCE /* Debug configuration for PBXNativeTarget "Me2Tune" */,
				FC1662372EEFAE2E00F01BCE /* Release configuration for PBXNativeTarget "Me2Tune" */,
			);
			defaultConfigurationName = Release;
		};
/* End XCConfigurationList section */

/* Begin XCRemoteSwiftPackageReference section */
		FC0981D32F04DE9B00DD4CA3 /* XCRemoteSwiftPackageReference "SFBAudioEngine" */ = {
			isa = XCRemoteSwiftPackageReference;
			repositoryURL = "https://github.com/sbooth/SFBAudioEngine";
			requirement = {
				kind = exactVersion;
				version = 0.10.0;
			};
		};
/* End XCRemoteSwiftPackageReference section */

/* Begin XCSwiftPackageProductDependency section */
		FC0981D42F04DE9B00DD4CA3 /* SFBAudioEngine */ = {
			isa = XCSwiftPackageProductDependency;
			package = FC0981D32F04DE9B00DD4CA3 /* XCRemoteSwiftPackageReference "SFBAudioEngine" */;
			productName = SFBAudioEngine;
		};
/* End XCSwiftPackageProductDependency section */
	};
	rootObject = FC1662222EEFAE2C00F01BCE /* Project object */;
}
